// !$*UTF8*$!
{
	archiveVersion = 1;
	classes = {
	};
	objectVersion = 51;
	objects = {

/* Begin PBXBuildFile section */
		0AB07C182236266A00A2266A /* AppDelegate.swift in Sources */ = {isa = PBXBuildFile; fileRef = 0AB07C172236266A00A2266A /* AppDelegate.swift */; };
		0AB07C1A2236266A00A2266A /* ViewController.swift in Sources */ = {isa = PBXBuildFile; fileRef = 0AB07C192236266A00A2266A /* ViewController.swift */; };
		0AB07C1D2236266A00A2266A /* Main.storyboard in Resources */ = {isa = PBXBuildFile; fileRef = 0AB07C1B2236266A00A2266A /* Main.storyboard */; };
		0AB07C1F2236266B00A2266A /* Assets.xcassets in Resources */ = {isa = PBXBuildFile; fileRef = 0AB07C1E2236266B00A2266A /* Assets.xcassets */; };
		0AB07C222236266B00A2266A /* LaunchScreen.storyboard in Resources */ = {isa = PBXBuildFile; fileRef = 0AB07C202236266B00A2266A /* LaunchScreen.storyboard */; };
		0AD400302248E9910048BFA6 /* ImportViewContoller.swift in Sources */ = {isa = PBXBuildFile; fileRef = 0AD4002F2248E9910048BFA6 /* ImportViewContoller.swift */; };
		0AD400322248EAF50048BFA6 /* Import.storyboard in Resources */ = {isa = PBXBuildFile; fileRef = 0AD400312248EAF50048BFA6 /* Import.storyboard */; };
		0AD400342248EDF30048BFA6 /* ImportWallet.storyboard in Resources */ = {isa = PBXBuildFile; fileRef = 0AD400332248EDF30048BFA6 /* ImportWallet.storyboard */; };
		0AD400362248EE2B0048BFA6 /* ImportWalletViewController.swift in Sources */ = {isa = PBXBuildFile; fileRef = 0AD400352248EE2B0048BFA6 /* ImportWalletViewController.swift */; };
		0BD9831A8EFDCCFED6CDDB3C /* Pods_ethdemo.framework in Frameworks */ = {isa = PBXBuildFile; fileRef = DA24FEC0C6CC6E8E1DE443A6 /* Pods_ethdemo.framework */; };
		C16404A526D990590034173A /* abi.json in Resources */ = {isa = PBXBuildFile; fileRef = C16404A426D990590034173A /* abi.json */; };
/* End PBXBuildFile section */

/* Begin PBXFileReference section */
		0AB07C142236266A00A2266A /* ethdemo.app */ = {isa = PBXFileReference; explicitFileType = wrapper.application; includeInIndex = 0; path = ethdemo.app; sourceTree = BUILT_PRODUCTS_DIR; };
		0AB07C172236266A00A2266A /* AppDelegate.swift */ = {isa = PBXFileReference; lastKnownFileType = sourcecode.swift; path = AppDelegate.swift; sourceTree = "<group>"; };
		0AB07C192236266A00A2266A /* ViewController.swift */ = {isa = PBXFileReference; lastKnownFileType = sourcecode.swift; path = ViewController.swift; sourceTree = "<group>"; };
		0AB07C1C2236266A00A2266A /* Base */ = {isa = PBXFileReference; lastKnownFileType = file.storyboard; name = Base; path = Base.lproj/Main.storyboard; sourceTree = "<group>"; };
		0AB07C1E2236266B00A2266A /* Assets.xcassets */ = {isa = PBXFileReference; lastKnownFileType = folder.assetcatalog; path = Assets.xcassets; sourceTree = "<group>"; };
		0AB07C212236266B00A2266A /* Base */ = {isa = PBXFileReference; lastKnownFileType = file.storyboard; name = Base; path = Base.lproj/LaunchScreen.storyboard; sourceTree = "<group>"; };
		0AB07C232236266B00A2266A /* Info.plist */ = {isa = PBXFileReference; lastKnownFileType = text.plist.xml; path = Info.plist; sourceTree = "<group>"; };
		0AD4002F2248E9910048BFA6 /* ImportViewContoller.swift */ = {isa = PBXFileReference; lastKnownFileType = sourcecode.swift; path = ImportViewContoller.swift; sourceTree = "<group>"; };
		0AD400312248EAF50048BFA6 /* Import.storyboard */ = {isa = PBXFileReference; lastKnownFileType = file.storyboard; path = Import.storyboard; sourceTree = "<group>"; };
		0AD400332248EDF30048BFA6 /* ImportWallet.storyboard */ = {isa = PBXFileReference; lastKnownFileType = file.storyboard; path = ImportWallet.storyboard; sourceTree = "<group>"; };
		0AD400352248EE2B0048BFA6 /* ImportWalletViewController.swift */ = {isa = PBXFileReference; lastKnownFileType = sourcecode.swift; path = ImportWalletViewController.swift; sourceTree = "<group>"; };
		C16404A426D990590034173A /* abi.json */ = {isa = PBXFileReference; fileEncoding = 4; lastKnownFileType = text.json; path = abi.json; sourceTree = SOURCE_ROOT; };
		DA24FEC0C6CC6E8E1DE443A6 /* Pods_ethdemo.framework */ = {isa = PBXFileReference; explicitFileType = wrapper.framework; includeInIndex = 0; path = Pods_ethdemo.framework; sourceTree = BUILT_PRODUCTS_DIR; };
		F83C70756BC50A3426A44B62 /* Pods-ethdemo.release.xcconfig */ = {isa = PBXFileReference; includeInIndex = 1; lastKnownFileType = text.xcconfig; name = "Pods-ethdemo.release.xcconfig"; path = "Target Support Files/Pods-ethdemo/Pods-ethdemo.release.xcconfig"; sourceTree = "<group>"; };
		FC3139D0F842F81233DDB380 /* Pods-ethdemo.debug.xcconfig */ = {isa = PBXFileReference; includeInIndex = 1; lastKnownFileType = text.xcconfig; name = "Pods-ethdemo.debug.xcconfig"; path = "Target Support Files/Pods-ethdemo/Pods-ethdemo.debug.xcconfig"; sourceTree = "<group>"; };
/* End PBXFileReference section */

/* Begin PBXFrameworksBuildPhase section */
		0AB07C112236266900A2266A /* Frameworks */ = {
			isa = PBXFrameworksBuildPhase;
			buildActionMask = 2147483647;
			files = (
				0BD9831A8EFDCCFED6CDDB3C /* Pods_ethdemo.framework in Frameworks */,
			);
			runOnlyForDeploymentPostprocessing = 0;
		};
/* End PBXFrameworksBuildPhase section */

/* Begin PBXGroup section */
		06F906E8A5CD435711BB3882 /* Frameworks */ = {
			isa = PBXGroup;
			children = (
				DA24FEC0C6CC6E8E1DE443A6 /* Pods_ethdemo.framework */,
			);
			name = Frameworks;
			sourceTree = "<group>";
		};
		0AB07C0B2236266900A2266A = {
			isa = PBXGroup;
			children = (
				0AB07C162236266A00A2266A /* ethdemo */,
				0AB07C152236266A00A2266A /* Products */,
				6181891C36C84C4178124175 /* Pods */,
				06F906E8A5CD435711BB3882 /* Frameworks */,
			);
			sourceTree = "<group>";
		};
		0AB07C152236266A00A2266A /* Products */ = {
			isa = PBXGroup;
			children = (
				0AB07C142236266A00A2266A /* ethdemo.app */,
			);
			name = Products;
			sourceTree = "<group>";
		};
		0AB07C162236266A00A2266A /* ethdemo */ = {
			isa = PBXGroup;
			children = (
				C16404A426D990590034173A /* abi.json */,
				0AB07C172236266A00A2266A /* AppDelegate.swift */,
				0AB07C192236266A00A2266A /* ViewController.swift */,
				0AB07C1B2236266A00A2266A /* Main.storyboard */,
				0AB07C1E2236266B00A2266A /* Assets.xcassets */,
				0AB07C202236266B00A2266A /* LaunchScreen.storyboard */,
				0AB07C232236266B00A2266A /* Info.plist */,
				0AD4002F2248E9910048BFA6 /* ImportViewContoller.swift */,
				0AD400312248EAF50048BFA6 /* Import.storyboard */,
				0AD400332248EDF30048BFA6 /* ImportWallet.storyboard */,
				0AD400352248EE2B0048BFA6 /* ImportWalletViewController.swift */,
			);
			path = ethdemo;
			sourceTree = "<group>";
		};
		6181891C36C84C4178124175 /* Pods */ = {
			isa = PBXGroup;
			children = (
				FC3139D0F842F81233DDB380 /* Pods-ethdemo.debug.xcconfig */,
				F83C70756BC50A3426A44B62 /* Pods-ethdemo.release.xcconfig */,
			);
			path = Pods;
			sourceTree = "<group>";
		};
/* End PBXGroup section */

/* Begin PBXNativeTarget section */
		0AB07C132236266900A2266A /* ethdemo */ = {
			isa = PBXNativeTarget;
			buildConfigurationList = 0AB07C262236266B00A2266A /* Build configuration list for PBXNativeTarget "ethdemo" */;
			buildPhases = (
				1E6F0CB9C3987F36C3EDED38 /* [CP] Check Pods Manifest.lock */,
				0AB07C102236266900A2266A /* Sources */,
				0AB07C112236266900A2266A /* Frameworks */,
				0AB07C122236266900A2266A /* Resources */,
				AD51E041842AC342A6266025 /* [CP] Embed Pods Frameworks */,
			);
			buildRules = (
			);
			dependencies = (
			);
			name = ethdemo;
			productName = ethdemo;
			productReference = 0AB07C142236266A00A2266A /* ethdemo.app */;
			productType = "com.apple.product-type.application";
		};
/* End PBXNativeTarget section */

/* Begin PBXProject section */
		0AB07C0C2236266900A2266A /* Project object */ = {
			isa = PBXProject;
			attributes = {
				LastSwiftUpdateCheck = 1010;
				LastUpgradeCheck = 1250;
				ORGANIZATIONNAME = "Prajwal Maharjan";
				TargetAttributes = {
					0AB07C132236266900A2266A = {
						CreatedOnToolsVersion = 10.1;
					};
				};
			};
			buildConfigurationList = 0AB07C0F2236266900A2266A /* Build configuration list for PBXProject "ethdemo" */;
			compatibilityVersion = "Xcode 9.3";
			developmentRegion = en;
			hasScannedForEncodings = 0;
			knownRegions = (
				en,
				Base,
			);
			mainGroup = 0AB07C0B2236266900A2266A;
			productRefGroup = 0AB07C152236266A00A2266A /* Products */;
			projectDirPath = "";
			projectRoot = "";
			targets = (
				0AB07C132236266900A2266A /* ethdemo */,
			);
		};
/* End PBXProject section */

/* Begin PBXResourcesBuildPhase section */
		0AB07C122236266900A2266A /* Resources */ = {
			isa = PBXResourcesBuildPhase;
			buildActionMask = 2147483647;
			files = (
				0AB07C222236266B00A2266A /* LaunchScreen.storyboard in Resources */,
				0AB07C1F2236266B00A2266A /* Assets.xcassets in Resources */,
				C16404A526D990590034173A /* abi.json in Resources */,
				0AD400342248EDF30048BFA6 /* ImportWallet.storyboard in Resources */,
				0AB07C1D2236266A00A2266A /* Main.storyboard in Resources */,
				0AD400322248EAF50048BFA6 /* Import.storyboard in Resources */,
			);
			runOnlyForDeploymentPostprocessing = 0;
		};
/* End PBXResourcesBuildPhase section */

/* Begin PBXShellScriptBuildPhase section */
		1E6F0CB9C3987F36C3EDED38 /* [CP] Check Pods Manifest.lock */ = {
			isa = PBXShellScriptBuildPhase;
			buildActionMask = 2147483647;
			files = (
			);
			inputFileListPaths = (
			);
			inputPaths = (
				"${PODS_PODFILE_DIR_PATH}/Podfile.lock",
				"${PODS_ROOT}/Manifest.lock",
			);
			name = "[CP] Check Pods Manifest.lock";
			outputFileListPaths = (
			);
			outputPaths = (
				"$(DERIVED_FILE_DIR)/Pods-ethdemo-checkManifestLockResult.txt",
			);
			runOnlyForDeploymentPostprocessing = 0;
			shellPath = /bin/sh;
			shellScript = "diff \"${PODS_PODFILE_DIR_PATH}/Podfile.lock\" \"${PODS_ROOT}/Manifest.lock\" > /dev/null\nif [ $? != 0 ] ; then\n    # print error to STDERR\n    echo \"error: The sandbox is not in sync with the Podfile.lock. Run 'pod install' or update your CocoaPods installation.\" >&2\n    exit 1\nfi\n# This output is used by Xcode 'outputs' to avoid re-running this script phase.\necho \"SUCCESS\" > \"${SCRIPT_OUTPUT_FILE_0}\"\n";
			showEnvVarsInLog = 0;
		};
		AD51E041842AC342A6266025 /* [CP] Embed Pods Frameworks */ = {
			isa = PBXShellScriptBuildPhase;
			buildActionMask = 2147483647;
			files = (
			);
			inputFileListPaths = (
				"${PODS_ROOT}/Target Support Files/Pods-ethdemo/Pods-ethdemo-frameworks-${CONFIGURATION}-input-files.xcfilelist",
			);
			name = "[CP] Embed Pods Frameworks";
			outputFileListPaths = (
				"${PODS_ROOT}/Target Support Files/Pods-ethdemo/Pods-ethdemo-frameworks-${CONFIGURATION}-output-files.xcfilelist",
			);
			runOnlyForDeploymentPostprocessing = 0;
			shellPath = /bin/sh;
			shellScript = "\"${PODS_ROOT}/Target Support Files/Pods-ethdemo/Pods-ethdemo-frameworks.sh\"\n";
			showEnvVarsInLog = 0;
		};
/* End PBXShellScriptBuildPhase section */

/* Begin PBXSourcesBuildPhase section */
		0AB07C102236266900A2266A /* Sources */ = {
			isa = PBXSourcesBuildPhase;
			buildActionMask = 2147483647;
			files = (
				0AD400362248EE2B0048BFA6 /* ImportWalletViewController.swift in Sources */,
				0AD400302248E9910048BFA6 /* ImportViewContoller.swift in Sources */,
				0AB07C1A2236266A00A2266A /* ViewController.swift in Sources */,
				0AB07C182236266A00A2266A /* AppDelegate.swift in Sources */,
			);
			runOnlyForDeploymentPostprocessing = 0;
		};
/* End PBXSourcesBuildPhase section */

/* Begin PBXVariantGroup section */
		0AB07C1B2236266A00A2266A /* Main.storyboard */ = {
			isa = PBXVariantGroup;
			children = (
				0AB07C1C2236266A00A2266A /* Base */,
			);
			name = Main.storyboard;
			sourceTree = "<group>";
		};
		0AB07C202236266B00A2266A /* LaunchScreen.storyboard */ = {
			isa = PBXVariantGroup;
			children = (
				0AB07C212236266B00A2266A /* Base */,
			);
			name = LaunchScreen.storyboard;
			sourceTree = "<group>";
		};
/* End PBXVariantGroup section */

/* Begin XCBuildConfiguration section */
		0AB07C242236266B00A2266A /* Debug */ = {
			isa = XCBuildConfiguration;
			buildSettings = {
				ALWAYS_SEARCH_USER_PATHS = NO;
				CLANG_ANALYZER_NONNULL = YES;
				CLANG_ANALYZER_NUMBER_OBJECT_CONVERSION = YES_AGGRESSIVE;
				CLANG_CXX_LANGUAGE_STANDARD = "gnu++14";
				CLANG_CXX_LIBRARY = "libc++";
				CLANG_ENABLE_MODULES = YES;
				CLANG_ENABLE_OBJC_ARC = YES;
				CLANG_ENABLE_OBJC_WEAK = YES;
				CLANG_WARN_BLOCK_CAPTURE_AUTORELEASING = YES;
				CLANG_WARN_BOOL_CONVERSION = YES;
				CLANG_WARN_COMMA = YES;
				CLANG_WARN_CONSTANT_CONVERSION = YES;
				CLANG_WARN_DEPRECATED_OBJC_IMPLEMENTATIONS = YES;
				CLANG_WARN_DIRECT_OBJC_ISA_USAGE = YES_ERROR;
				CLANG_WARN_DOCUMENTATION_COMMENTS = YES;
				CLANG_WARN_EMPTY_BODY = YES;
				CLANG_WARN_ENUM_CONVERSION = YES;
				CLANG_WARN_INFINITE_RECURSION = YES;
				CLANG_WARN_INT_CONVERSION = YES;
				CLANG_WARN_NON_LITERAL_NULL_CONVERSION = YES;
				CLANG_WARN_OBJC_IMPLICIT_RETAIN_SELF = YES;
				CLANG_WARN_OBJC_LITERAL_CONVERSION = YES;
				CLANG_WARN_OBJC_ROOT_CLASS = YES_ERROR;
				CLANG_WARN_QUOTED_INCLUDE_IN_FRAMEWORK_HEADER = YES;
				CLANG_WARN_RANGE_LOOP_ANALYSIS = YES;
				CLANG_WARN_STRICT_PROTOTYPES = YES;
				CLANG_WARN_SUSPICIOUS_MOVE = YES;
				CLANG_WARN_UNGUARDED_AVAILABILITY = YES_AGGRESSIVE;
				CLANG_WARN_UNREACHABLE_CODE = YES;
				CLANG_WARN__DUPLICATE_METHOD_MATCH = YES;
				CODE_SIGN_IDENTITY = "iPhone Developer";
				COPY_PHASE_STRIP = NO;
				DEBUG_INFORMATION_FORMAT = dwarf;
				ENABLE_STRICT_OBJC_MSGSEND = YES;
				ENABLE_TESTABILITY = YES;
				GCC_C_LANGUAGE_STANDARD = gnu11;
				GCC_DYNAMIC_NO_PIC = NO;
				GCC_NO_COMMON_BLOCKS = YES;
				GCC_OPTIMIZATION_LEVEL = 0;
				GCC_PREPROCESSOR_DEFINITIONS = (
					"DEBUG=1",
					"$(inherited)",
				);
				GCC_WARN_64_TO_32_BIT_CONVERSION = YES;
				GCC_WARN_ABOUT_RETURN_TYPE = YES_ERROR;
				GCC_WARN_UNDECLARED_SELECTOR = YES;
				GCC_WARN_UNINITIALIZED_AUTOS = YES_AGGRESSIVE;
				GCC_WARN_UNUSED_FUNCTION = YES;
				GCC_WARN_UNUSED_VARIABLE = YES;
				IPHONEOS_DEPLOYMENT_TARGET = 12.1;
				MTL_ENABLE_DEBUG_INFO = INCLUDE_SOURCE;
				MTL_FAST_MATH = YES;
				ONLY_ACTIVE_ARCH = YES;
				SDKROOT = iphoneos;
				SWIFT_ACTIVE_COMPILATION_CONDITIONS = DEBUG;
				SWIFT_OPTIMIZATION_LEVEL = "-Onone";
			};
			name = Debug;
		};
		0AB07C252236266B00A2266A /* Release */ = {
			isa = XCBuildConfiguration;
			buildSettings = {
				ALWAYS_SEARCH_USER_PATHS = NO;
				CLANG_ANALYZER_NONNULL = YES;
				CLANG_ANALYZER_NUMBER_OBJECT_CONVERSION = YES_AGGRESSIVE;
				CLANG_CXX_LANGUAGE_STANDARD = "gnu++14";
				CLANG_CXX_LIBRARY = "libc++";
				CLANG_ENABLE_MODULES = YES;
				CLANG_ENABLE_OBJC_ARC = YES;
				CLANG_ENABLE_OBJC_WEAK = YES;
				CLANG_WARN_BLOCK_CAPTURE_AUTORELEASING = YES;
				CLANG_WARN_BOOL_CONVERSION = YES;
				CLANG_WARN_COMMA = YES;
				CLANG_WARN_CONSTANT_CONVERSION = YES;
				CLANG_WARN_DEPRECATED_OBJC_IMPLEMENTATIONS = YES;
				CLANG_WARN_DIRECT_OBJC_ISA_USAGE = YES_ERROR;
				CLANG_WARN_DOCUMENTATION_COMMENTS = YES;
				CLANG_WARN_EMPTY_BODY = YES;
				CLANG_WARN_ENUM_CONVERSION = YES;
				CLANG_WARN_INFINITE_RECURSION = YES;
				CLANG_WARN_INT_CONVERSION = YES;
				CLANG_WARN_NON_LITERAL_NULL_CONVERSION = YES;
				CLANG_WARN_OBJC_IMPLICIT_RETAIN_SELF = YES;
				CLANG_WARN_OBJC_LITERAL_CONVERSION = YES;
				CLANG_WARN_OBJC_ROOT_CLASS = YES_ERROR;
				CLANG_WARN_QUOTED_INCLUDE_IN_FRAMEWORK_HEADER = YES;
				CLANG_WARN_RANGE_LOOP_ANALYSIS = YES;
				CLANG_WARN_STRICT_PROTOTYPES = YES;
				CLANG_WARN_SUSPICIOUS_MOVE = YES;
				CLANG_WARN_UNGUARDED_AVAILABILITY = YES_AGGRESSIVE;
				CLANG_WARN_UNREACHABLE_CODE = YES;
				CLANG_WARN__DUPLICATE_METHOD_MATCH = YES;
				CODE_SIGN_IDENTITY = "iPhone Developer";
				COPY_PHASE_STRIP = NO;
				DEBUG_INFORMATION_FORMAT = "dwarf-with-dsym";
				ENABLE_NS_ASSERTIONS = NO;
				ENABLE_STRICT_OBJC_MSGSEND = YES;
				GCC_C_LANGUAGE_STANDARD = gnu11;
				GCC_NO_COMMON_BLOCKS = YES;
				GCC_WARN_64_TO_32_BIT_CONVERSION = YES;
				GCC_WARN_ABOUT_RETURN_TYPE = YES_ERROR;
				GCC_WARN_UNDECLARED_SELECTOR = YES;
				GCC_WARN_UNINITIALIZED_AUTOS = YES_AGGRESSIVE;
				GCC_WARN_UNUSED_FUNCTION = YES;
				GCC_WARN_UNUSED_VARIABLE = YES;
				IPHONEOS_DEPLOYMENT_TARGET = 12.1;
				MTL_ENABLE_DEBUG_INFO = NO;
				MTL_FAST_MATH = YES;
				SDKROOT = iphoneos;
				SWIFT_COMPILATION_MODE = wholemodule;
				SWIFT_OPTIMIZATION_LEVEL = "-O";
				VALIDATE_PRODUCT = YES;
			};
			name = Release;
		};
		0AB07C272236266B00A2266A /* Debug */ = {
			isa = XCBuildConfiguration;
			baseConfigurationReference = FC3139D0F842F81233DDB380 /* Pods-ethdemo.debug.xcconfig */;
			buildSettings = {
				ASSETCATALOG_COMPILER_APPICON_NAME = AppIcon;
				CODE_SIGN_STYLE = Automatic;
				DEVELOPMENT_TEAM = 42N9D6EK46;
				INFOPLIST_FILE = ethdemo/Info.plist;
				LD_RUNPATH_SEARCH_PATHS = (
					"$(inherited)",
					"@executable_path/Frameworks",
				);
				PRODUCT_BUNDLE_IDENTIFIER = com.xais.ethdemo;
				PRODUCT_NAME = "$(TARGET_NAME)";
				SWIFT_VERSION = 4.2;
				TARGETED_DEVICE_FAMILY = "1,2";
			};
			name = Debug;
		};
		0AB07C282236266B00A2266A /* Release */ = {
			isa = XCBuildConfiguration;
			baseConfigurationReference = F83C70756BC50A3426A44B62 /* Pods-ethdemo.release.xcconfig */;
			buildSettings = {
				ASSETCATALOG_COMPILER_APPICON_NAME = AppIcon;
				CODE_SIGN_STYLE = Automatic;
				DEVELOPMENT_TEAM = 42N9D6EK46;
				INFOPLIST_FILE = ethdemo/Info.plist;
				LD_RUNPATH_SEARCH_PATHS = (
					"$(inherited)",
					"@executable_path/Frameworks",
				);
				PRODUCT_BUNDLE_IDENTIFIER = com.xais.ethdemo;
				PRODUCT_NAME = "$(TARGET_NAME)";
				SWIFT_VERSION = 4.2;
				TARGETED_DEVICE_FAMILY = "1,2";
			};
			name = Release;
		};
/* End XCBuildConfiguration section */

/* Begin XCConfigurationList section */
		0AB07C0F2236266900A2266A /* Build configuration list for PBXProject "ethdemo" */ = {
			isa = XCConfigurationList;
			buildConfigurations = (
				0AB07C242236266B00A2266A /* Debug */,
				0AB07C252236266B00A2266A /* Release */,
			);
			defaultConfigurationIsVisible = 0;
			defaultConfigurationName = Release;
		};
		0AB07C262236266B00A2266A /* Build configuration list for PBXNativeTarget "ethdemo" */ = {
			isa = XCConfigurationList;
			buildConfigurations = (
				0AB07C272236266B00A2266A /* Debug */,
				0AB07C282236266B00A2266A /* Release */,
			);
			defaultConfigurationIsVisible = 0;
			defaultConfigurationName = Release;
		};
/* End XCConfigurationList section */
	};
	rootObject = 0AB07C0C2236266900A2266A /* Project object */;
}
